// !$*UTF8*$!
{
	archiveVersion = 1;
	classes = {
	};
	objectVersion = 50;
	objects = {

/* Begin PBXBuildFile section */
		79A74A6227665A380071DBEC /* AppDelegate.swift in Sources */ = {isa = PBXBuildFile; fileRef = 79A74A6127665A380071DBEC /* AppDelegate.swift */; };
		79A74A6427665A380071DBEC /* SceneDelegate.swift in Sources */ = {isa = PBXBuildFile; fileRef = 79A74A6327665A380071DBEC /* SceneDelegate.swift */; };
		79A74A6627665A380071DBEC /* ViewController.swift in Sources */ = {isa = PBXBuildFile; fileRef = 79A74A6527665A380071DBEC /* ViewController.swift */; };
		79A74A6927665A380071DBEC /* Main.storyboard in Resources */ = {isa = PBXBuildFile; fileRef = 79A74A6727665A380071DBEC /* Main.storyboard */; };
		79A74A6B27665A390071DBEC /* Assets.xcassets in Resources */ = {isa = PBXBuildFile; fileRef = 79A74A6A27665A390071DBEC /* Assets.xcassets */; };
		79A74A6E27665A390071DBEC /* LaunchScreen.storyboard in Resources */ = {isa = PBXBuildFile; fileRef = 79A74A6C27665A390071DBEC /* LaunchScreen.storyboard */; };
		79A74A7927665A390071DBEC /* SuperStoreTests.swift in Sources */ = {isa = PBXBuildFile; fileRef = 79A74A7827665A390071DBEC /* SuperStoreTests.swift */; };
		79A74A8427665A390071DBEC /* SuperStoreUITests.swift in Sources */ = {isa = PBXBuildFile; fileRef = 79A74A8327665A390071DBEC /* SuperStoreUITests.swift */; };
/* End PBXBuildFile section */

/* Begin PBXContainerItemProxy section */
		79A74A7527665A390071DBEC /* PBXContainerItemProxy */ = {
			isa = PBXContainerItemProxy;
			containerPortal = 79A74A5627665A370071DBEC /* Project object */;
			proxyType = 1;
			remoteGlobalIDString = 79A74A5D27665A380071DBEC;
			remoteInfo = SuperStore;
		};
		79A74A8027665A390071DBEC /* PBXContainerItemProxy */ = {
			isa = PBXContainerItemProxy;
			containerPortal = 79A74A5627665A370071DBEC /* Project object */;
			proxyType = 1;
			remoteGlobalIDString = 79A74A5D27665A380071DBEC;
			remoteInfo = SuperStore;
		};
/* End PBXContainerItemProxy section */

/* Begin PBXFileReference section */
		79A74A5E27665A380071DBEC /* SuperStore.app */ = {isa = PBXFileReference; explicitFileType = wrapper.application; includeInIndex = 0; path = SuperStore.app; sourceTree = BUILT_PRODUCTS_DIR; };
		79A74A6127665A380071DBEC /* AppDelegate.swift */ = {isa = PBXFileReference; lastKnownFileType = sourcecode.swift; path = AppDelegate.swift; sourceTree = "<group>"; };
		79A74A6327665A380071DBEC /* SceneDelegate.swift */ = {isa = PBXFileReference; lastKnownFileType = sourcecode.swift; path = SceneDelegate.swift; sourceTree = "<group>"; };
		79A74A6527665A380071DBEC /* ViewController.swift */ = {isa = PBXFileReference; lastKnownFileType = sourcecode.swift; path = ViewController.swift; sourceTree = "<group>"; };
		79A74A6827665A380071DBEC /* Base */ = {isa = PBXFileReference; lastKnownFileType = file.storyboard; name = Base; path = Base.lproj/Main.storyboard; sourceTree = "<group>"; };
		79A74A6A27665A390071DBEC /* Assets.xcassets */ = {isa = PBXFileReference; lastKnownFileType = folder.assetcatalog; path = Assets.xcassets; sourceTree = "<group>"; };
		79A74A6D27665A390071DBEC /* Base */ = {isa = PBXFileReference; lastKnownFileType = file.storyboard; name = Base; path = Base.lproj/LaunchScreen.storyboard; sourceTree = "<group>"; };
		79A74A6F27665A390071DBEC /* Info.plist */ = {isa = PBXFileReference; lastKnownFileType = text.plist.xml; path = Info.plist; sourceTree = "<group>"; };
		79A74A7427665A390071DBEC /* SuperStoreTests.xctest */ = {isa = PBXFileReference; explicitFileType = wrapper.cfbundle; includeInIndex = 0; path = SuperStoreTests.xctest; sourceTree = BUILT_PRODUCTS_DIR; };
		79A74A7827665A390071DBEC /* SuperStoreTests.swift */ = {isa = PBXFileReference; lastKnownFileType = sourcecode.swift; path = SuperStoreTests.swift; sourceTree = "<group>"; };
		79A74A7A27665A390071DBEC /* Info.plist */ = {isa = PBXFileReference; lastKnownFileType = text.plist.xml; path = Info.plist; sourceTree = "<group>"; };
		79A74A7F27665A390071DBEC /* SuperStoreUITests.xctest */ = {isa = PBXFileReference; explicitFileType = wrapper.cfbundle; includeInIndex = 0; path = SuperStoreUITests.xctest; sourceTree = BUILT_PRODUCTS_DIR; };
		79A74A8327665A390071DBEC /* SuperStoreUITests.swift */ = {isa = PBXFileReference; lastKnownFileType = sourcecode.swift; path = SuperStoreUITests.swift; sourceTree = "<group>"; };
		79A74A8527665A390071DBEC /* Info.plist */ = {isa = PBXFileReference; lastKnownFileType = text.plist.xml; path = Info.plist; sourceTree = "<group>"; };
/* End PBXFileReference section */

/* Begin PBXFrameworksBuildPhase section */
		79A74A5B27665A380071DBEC /* Frameworks */ = {
			isa = PBXFrameworksBuildPhase;
			buildActionMask = 2147483647;
			files = (
			);
			runOnlyForDeploymentPostprocessing = 0;
		};
		79A74A7127665A390071DBEC /* Frameworks */ = {
			isa = PBXFrameworksBuildPhase;
			buildActionMask = 2147483647;
			files = (
			);
			runOnlyForDeploymentPostprocessing = 0;
		};
		79A74A7C27665A390071DBEC /* Frameworks */ = {
			isa = PBXFrameworksBuildPhase;
			buildActionMask = 2147483647;
			files = (
			);
			runOnlyForDeploymentPostprocessing = 0;
		};
/* End PBXFrameworksBuildPhase section */

/* Begin PBXGroup section */
		79A74A5527665A370071DBEC = {
			isa = PBXGroup;
			children = (
				79A74A6027665A380071DBEC /* SuperStore */,
				79A74A7727665A390071DBEC /* SuperStoreTests */,
				79A74A8227665A390071DBEC /* SuperStoreUITests */,
				79A74A5F27665A380071DBEC /* Products */,
			);
			sourceTree = "<group>";
		};
		79A74A5F27665A380071DBEC /* Products */ = {
			isa = PBXGroup;
			children = (
				79A74A5E27665A380071DBEC /* SuperStore.app */,
				79A74A7427665A390071DBEC /* SuperStoreTests.xctest */,
				79A74A7F27665A390071DBEC /* SuperStoreUITests.xctest */,
			);
			name = Products;
			sourceTree = "<group>";
		};
		79A74A6027665A380071DBEC /* SuperStore */ = {
			isa = PBXGroup;
			children = (
				79A74A6127665A380071DBEC /* AppDelegate.swift */,
				79A74A6327665A380071DBEC /* SceneDelegate.swift */,
				79A74A6527665A380071DBEC /* ViewController.swift */,
				79A74A6727665A380071DBEC /* Main.storyboard */,
				79A74A6A27665A390071DBEC /* Assets.xcassets */,
				79A74A6C27665A390071DBEC /* LaunchScreen.storyboard */,
				79A74A6F27665A390071DBEC /* Info.plist */,
			);
			path = SuperStore;
			sourceTree = "<group>";
		};
		79A74A7727665A390071DBEC /* SuperStoreTests */ = {
			isa = PBXGroup;
			children = (
				79A74A7827665A390071DBEC /* SuperStoreTests.swift */,
				79A74A7A27665A390071DBEC /* Info.plist */,
			);
			path = SuperStoreTests;
			sourceTree = "<group>";
		};
		79A74A8227665A390071DBEC /* SuperStoreUITests */ = {
			isa = PBXGroup;
			children = (
				79A74A8327665A390071DBEC /* SuperStoreUITests.swift */,
				79A74A8527665A390071DBEC /* Info.plist */,
			);
			path = SuperStoreUITests;
			sourceTree = "<group>";
		};
/* End PBXGroup section */

/* Begin PBXNativeTarget section */
		79A74A5D27665A380071DBEC /* SuperStore */ = {
			isa = PBXNativeTarget;
			buildConfigurationList = 79A74A8827665A390071DBEC /* Build configuration list for PBXNativeTarget "SuperStore" */;
			buildPhases = (
				79A74A5A27665A380071DBEC /* Sources */,
				79A74A5B27665A380071DBEC /* Frameworks */,
				79A74A5C27665A380071DBEC /* Resources */,
			);
			buildRules = (
			);
			dependencies = (
			);
			name = SuperStore;
			productName = SuperStore;
			productReference = 79A74A5E27665A380071DBEC /* SuperStore.app */;
			productType = "com.apple.product-type.application";
		};
		79A74A7327665A390071DBEC /* SuperStoreTests */ = {
			isa = PBXNativeTarget;
			buildConfigurationList = 79A74A8B27665A390071DBEC /* Build configuration list for PBXNativeTarget "SuperStoreTests" */;
			buildPhases = (
				79A74A7027665A390071DBEC /* Sources */,
				79A74A7127665A390071DBEC /* Frameworks */,
				79A74A7227665A390071DBEC /* Resources */,
			);
			buildRules = (
			);
			dependencies = (
				79A74A7627665A390071DBEC /* PBXTargetDependency */,
			);
			name = SuperStoreTests;
			productName = SuperStoreTests;
			productReference = 79A74A7427665A390071DBEC /* SuperStoreTests.xctest */;
			productType = "com.apple.product-type.bundle.unit-test";
		};
		79A74A7E27665A390071DBEC /* SuperStoreUITests */ = {
			isa = PBXNativeTarget;
			buildConfigurationList = 79A74A8E27665A390071DBEC /* Build configuration list for PBXNativeTarget "SuperStoreUITests" */;
			buildPhases = (
				79A74A7B27665A390071DBEC /* Sources */,
				79A74A7C27665A390071DBEC /* Frameworks */,
				79A74A7D27665A390071DBEC /* Resources */,
			);
			buildRules = (
			);
			dependencies = (
				79A74A8127665A390071DBEC /* PBXTargetDependency */,
			);
			name = SuperStoreUITests;
			productName = SuperStoreUITests;
			productReference = 79A74A7F27665A390071DBEC /* SuperStoreUITests.xctest */;
			productType = "com.apple.product-type.bundle.ui-testing";
		};
/* End PBXNativeTarget section */

/* Begin PBXProject section */
		79A74A5627665A370071DBEC /* Project object */ = {
			isa = PBXProject;
			attributes = {
				LastSwiftUpdateCheck = 1170;
				LastUpgradeCheck = 1170;
				ORGANIZATIONNAME = "Asad F Nawajha";
				TargetAttributes = {
					79A74A5D27665A380071DBEC = {
						CreatedOnToolsVersion = 11.7;
					};
					79A74A7327665A390071DBEC = {
						CreatedOnToolsVersion = 11.7;
						TestTargetID = 79A74A5D27665A380071DBEC;
					};
					79A74A7E27665A390071DBEC = {
						CreatedOnToolsVersion = 11.7;
						TestTargetID = 79A74A5D27665A380071DBEC;
					};
				};
			};
			buildConfigurationList = 79A74A5927665A370071DBEC /* Build configuration list for PBXProject "SuperStore" */;
			compatibilityVersion = "Xcode 9.3";
			developmentRegion = en;
			hasScannedForEncodings = 0;
			knownRegions = (
				en,
				Base,
			);
			mainGroup = 79A74A5527665A370071DBEC;
			productRefGroup = 79A74A5F27665A380071DBEC /* Products */;
			projectDirPath = "";
			projectRoot = "";
			targets = (
				79A74A5D27665A380071DBEC /* SuperStore */,
				79A74A7327665A390071DBEC /* SuperStoreTests */,
				79A74A7E27665A390071DBEC /* SuperStoreUITests */,
			);
		};
/* End PBXProject section */

/* Begin PBXResourcesBuildPhase section */
		79A74A5C27665A380071DBEC /* Resources */ = {
			isa = PBXResourcesBuildPhase;
			buildActionMask = 2147483647;
			files = (
				79A74A6E27665A390071DBEC /* LaunchScreen.storyboard in Resources */,
				79A74A6B27665A390071DBEC /* Assets.xcassets in Resources */,
				79A74A6927665A380071DBEC /* Main.storyboard in Resources */,
			);
			runOnlyForDeploymentPostprocessing = 0;
		};
		79A74A7227665A390071DBEC /* Resources */ = {
			isa = PBXResourcesBuildPhase;
			buildActionMask = 2147483647;
			files = (
			);
			runOnlyForDeploymentPostprocessing = 0;
		};
		79A74A7D27665A390071DBEC /* Resources */ = {
			isa = PBXResourcesBuildPhase;
			buildActionMask = 2147483647;
			files = (
			);
			runOnlyForDeploymentPostprocessing = 0;
		};
/* End PBXResourcesBuildPhase section */

/* Begin PBXSourcesBuildPhase section */
		79A74A5A27665A380071DBEC /* Sources */ = {
			isa = PBXSourcesBuildPhase;
			buildActionMask = 2147483647;
			files = (
				79A74A6627665A380071DBEC /* ViewController.swift in Sources */,
				79A74A6227665A380071DBEC /* AppDelegate.swift in Sources */,
				79A74A6427665A380071DBEC /* SceneDelegate.swift in Sources */,
			);
			runOnlyForDeploymentPostprocessing = 0;
		};
		79A74A7027665A390071DBEC /* Sources */ = {
			isa = PBXSourcesBuildPhase;
			buildActionMask = 2147483647;
			files = (
				79A74A7927665A390071DBEC /* SuperStoreTests.swift in Sources */,
			);
			runOnlyForDeploymentPostprocessing = 0;
		};
		79A74A7B27665A390071DBEC /* Sources */ = {
			isa = PBXSourcesBuildPhase;
			buildActionMask = 2147483647;
			files = (
				79A74A8427665A390071DBEC /* SuperStoreUITests.swift in Sources */,
			);
			runOnlyForDeploymentPostprocessing = 0;
		};
/* End PBXSourcesBuildPhase section */

/* Begin PBXTargetDependency section */
		79A74A7627665A390071DBEC /* PBXTargetDependency */ = {
			isa = PBXTargetDependency;
			target = 79A74A5D27665A380071DBEC /* SuperStore */;
			targetProxy = 79A74A7527665A390071DBEC /* PBXContainerItemProxy */;
		};
		79A74A8127665A390071DBEC /* PBXTargetDependency */ = {
			isa = PBXTargetDependency;
			target = 79A74A5D27665A380071DBEC /* SuperStore */;
			targetProxy = 79A74A8027665A390071DBEC /* PBXContainerItemProxy */;
		};
/* End PBXTargetDependency section */

/* Begin PBXVariantGroup section */
		79A74A6727665A380071DBEC /* Main.storyboard */ = {
			isa = PBXVariantGroup;
			children = (
				79A74A6827665A380071DBEC /* Base */,
			);
			name = Main.storyboard;
			sourceTree = "<group>";
		};
		79A74A6C27665A390071DBEC /* LaunchScreen.storyboard */ = {
			isa = PBXVariantGroup;
			children = (
				79A74A6D27665A390071DBEC /* Base */,
			);
			name = LaunchScreen.storyboard;
			sourceTree = "<group>";
		};
/* End PBXVariantGroup section */

/* Begin XCBuildConfiguration section */
		79A74A8627665A390071DBEC /* Debug */ = {
			isa = XCBuildConfiguration;
			buildSettings = {
				ALWAYS_SEARCH_USER_PATHS = NO;
				CLANG_ANALYZER_NONNULL = YES;
				CLANG_ANALYZER_NUMBER_OBJECT_CONVERSION = YES_AGGRESSIVE;
				CLANG_CXX_LANGUAGE_STANDARD = "gnu++14";
				CLANG_CXX_LIBRARY = "libc++";
				CLANG_ENABLE_MODULES = YES;
				CLANG_ENABLE_OBJC_ARC = YES;
				CLANG_ENABLE_OBJC_WEAK = YES;
				CLANG_WARN_BLOCK_CAPTURE_AUTORELEASING = YES;
				CLANG_WARN_BOOL_CONVERSION = YES;
				CLANG_WARN_COMMA = YES;
				CLANG_WARN_CONSTANT_CONVERSION = YES;
				CLANG_WARN_DEPRECATED_OBJC_IMPLEMENTATIONS = YES;
				CLANG_WARN_DIRECT_OBJC_ISA_USAGE = YES_ERROR;
				CLANG_WARN_DOCUMENTATION_COMMENTS = YES;
				CLANG_WARN_EMPTY_BODY = YES;
				CLANG_WARN_ENUM_CONVERSION = YES;
				CLANG_WARN_INFINITE_RECURSION = YES;
				CLANG_WARN_INT_CONVERSION = YES;
				CLANG_WARN_NON_LITERAL_NULL_CONVERSION = YES;
				CLANG_WARN_OBJC_IMPLICIT_RETAIN_SELF = YES;
				CLANG_WARN_OBJC_LITERAL_CONVERSION = YES;
				CLANG_WARN_OBJC_ROOT_CLASS = YES_ERROR;
				CLANG_WARN_RANGE_LOOP_ANALYSIS = YES;
				CLANG_WARN_STRICT_PROTOTYPES = YES;
				CLANG_WARN_SUSPICIOUS_MOVE = YES;
				CLANG_WARN_UNGUARDED_AVAILABILITY = YES_AGGRESSIVE;
				CLANG_WARN_UNREACHABLE_CODE = YES;
				CLANG_WARN__DUPLICATE_METHOD_MATCH = YES;
				COPY_PHASE_STRIP = NO;
				DEBUG_INFORMATION_FORMAT = dwarf;
				ENABLE_STRICT_OBJC_MSGSEND = YES;
				ENABLE_TESTABILITY = YES;
				GCC_C_LANGUAGE_STANDARD = gnu11;
				GCC_DYNAMIC_NO_PIC = NO;
				GCC_NO_COMMON_BLOCKS = YES;
				GCC_OPTIMIZATION_LEVEL = 0;
				GCC_PREPROCESSOR_DEFINITIONS = (
					"DEBUG=1",
					"$(inherited)",
				);
				GCC_WARN_64_TO_32_BIT_CONVERSION = YES;
				GCC_WARN_ABOUT_RETURN_TYPE = YES_ERROR;
				GCC_WARN_UNDECLARED_SELECTOR = YES;
				GCC_WARN_UNINITIALIZED_AUTOS = YES_AGGRESSIVE;
				GCC_WARN_UNUSED_FUNCTION = YES;
				GCC_WARN_UNUSED_VARIABLE = YES;
				IPHONEOS_DEPLOYMENT_TARGET = 13.7;
				MTL_ENABLE_DEBUG_INFO = INCLUDE_SOURCE;
				MTL_FAST_MATH = YES;
				ONLY_ACTIVE_ARCH = YES;
				SDKROOT = iphoneos;
				SWIFT_ACTIVE_COMPILATION_CONDITIONS = DEBUG;
				SWIFT_OPTIMIZATION_LEVEL = "-Onone";
			};
			name = Debug;
		};
		79A74A8727665A390071DBEC /* Release */ = {
			isa = XCBuildConfiguration;
			buildSettings = {
				ALWAYS_SEARCH_USER_PATHS = NO;
				CLANG_ANALYZER_NONNULL = YES;
				CLANG_ANALYZER_NUMBER_OBJECT_CONVERSION = YES_AGGRESSIVE;
				CLANG_CXX_LANGUAGE_STANDARD = "gnu++14";
				CLANG_CXX_LIBRARY = "libc++";
				CLANG_ENABLE_MODULES = YES;
				CLANG_ENABLE_OBJC_ARC = YES;
				CLANG_ENABLE_OBJC_WEAK = YES;
				CLANG_WARN_BLOCK_CAPTURE_AUTORELEASING = YES;
				CLANG_WARN_BOOL_CONVERSION = YES;
				CLANG_WARN_COMMA = YES;
				CLANG_WARN_CONSTANT_CONVERSION = YES;
				CLANG_WARN_DEPRECATED_OBJC_IMPLEMENTATIONS = YES;
				CLANG_WARN_DIRECT_OBJC_ISA_USAGE = YES_ERROR;
				CLANG_WARN_DOCUMENTATION_COMMENTS = YES;
				CLANG_WARN_EMPTY_BODY = YES;
				CLANG_WARN_ENUM_CONVERSION = YES;
				CLANG_WARN_INFINITE_RECURSION = YES;
				CLANG_WARN_INT_CONVERSION = YES;
				CLANG_WARN_NON_LITERAL_NULL_CONVERSION = YES;
				CLANG_WARN_OBJC_IMPLICIT_RETAIN_SELF = YES;
				CLANG_WARN_OBJC_LITERAL_CONVERSION = YES;
				CLANG_WARN_OBJC_ROOT_CLASS = YES_ERROR;
				CLANG_WARN_RANGE_LOOP_ANALYSIS = YES;
				CLANG_WARN_STRICT_PROTOTYPES = YES;
				CLANG_WARN_SUSPICIOUS_MOVE = YES;
				CLANG_WARN_UNGUARDED_AVAILABILITY = YES_AGGRESSIVE;
				CLANG_WARN_UNREACHABLE_CODE = YES;
				CLANG_WARN__DUPLICATE_METHOD_MATCH = YES;
				COPY_PHASE_STRIP = NO;
				DEBUG_INFORMATION_FORMAT = "dwarf-with-dsym";
				ENABLE_NS_ASSERTIONS = NO;
				ENABLE_STRICT_OBJC_MSGSEND = YES;
				GCC_C_LANGUAGE_STANDARD = gnu11;
				GCC_NO_COMMON_BLOCKS = YES;
				GCC_WARN_64_TO_32_BIT_CONVERSION = YES;
				GCC_WARN_ABOUT_RETURN_TYPE = YES_ERROR;
				GCC_WARN_UNDECLARED_SELECTOR = YES;
				GCC_WARN_UNINITIALIZED_AUTOS = YES_AGGRESSIVE;
				GCC_WARN_UNUSED_FUNCTION = YES;
				GCC_WARN_UNUSED_VARIABLE = YES;
				IPHONEOS_DEPLOYMENT_TARGET = 13.7;
				MTL_ENABLE_DEBUG_INFO = NO;
				MTL_FAST_MATH = YES;
				SDKROOT = iphoneos;
				SWIFT_COMPILATION_MODE = wholemodule;
				SWIFT_OPTIMIZATION_LEVEL = "-O";
				VALIDATE_PRODUCT = YES;
			};
			name = Release;
		};
		79A74A8927665A390071DBEC /* Debug */ = {
			isa = XCBuildConfiguration;
			buildSettings = {
				ASSETCATALOG_COMPILER_APPICON_NAME = AppIcon;
				CODE_SIGN_STYLE = Automatic;
				INFOPLIST_FILE = SuperStore/Info.plist;
				LD_RUNPATH_SEARCH_PATHS = (
					"$(inherited)",
					"@executable_path/Frameworks",
				);
				PRODUCT_BUNDLE_IDENTIFIER = com.anawajha.SuperStore;
				PRODUCT_NAME = "$(TARGET_NAME)";
				SWIFT_VERSION = 5.0;
				TARGETED_DEVICE_FAMILY = "1,2";
			};
			name = Debug;
		};
		79A74A8A27665A390071DBEC /* Release */ = {
			isa = XCBuildConfiguration;
			buildSettings = {
				ASSETCATALOG_COMPILER_APPICON_NAME = AppIcon;
				CODE_SIGN_STYLE = Automatic;
				INFOPLIST_FILE = SuperStore/Info.plist;
				LD_RUNPATH_SEARCH_PATHS = (
					"$(inherited)",
					"@executable_path/Frameworks",
				);
				PRODUCT_BUNDLE_IDENTIFIER = com.anawajha.SuperStore;
				PRODUCT_NAME = "$(TARGET_NAME)";
				SWIFT_VERSION = 5.0;
				TARGETED_DEVICE_FAMILY = "1,2";
			};
			name = Release;
		};
		79A74A8C27665A390071DBEC /* Debug */ = {
			isa = XCBuildConfiguration;
			buildSettings = {
				ALWAYS_EMBED_SWIFT_STANDARD_LIBRARIES = YES;
				BUNDLE_LOADER = "$(TEST_HOST)";
				CODE_SIGN_STYLE = Automatic;
				INFOPLIST_FILE = SuperStoreTests/Info.plist;
				IPHONEOS_DEPLOYMENT_TARGET = 13.7;
				LD_RUNPATH_SEARCH_PATHS = (
					"$(inherited)",
					"@executable_path/Frameworks",
					"@loader_path/Frameworks",
				);
				PRODUCT_BUNDLE_IDENTIFIER = com.anawajha.SuperStoreTests;
				PRODUCT_NAME = "$(TARGET_NAME)";
				SWIFT_VERSION = 5.0;
				TARGETED_DEVICE_FAMILY = "1,2";
				TEST_HOST = "$(BUILT_PRODUCTS_DIR)/SuperStore.app/SuperStore";
			};
			name = Debug;
		};
		79A74A8D27665A390071DBEC /* Release */ = {
			isa = XCBuildConfiguration;
			buildSettings = {
				ALWAYS_EMBED_SWIFT_STANDARD_LIBRARIES = YES;
				BUNDLE_LOADER = "$(TEST_HOST)";
				CODE_SIGN_STYLE = Automatic;
				INFOPLIST_FILE = SuperStoreTests/Info.plist;
				IPHONEOS_DEPLOYMENT_TARGET = 13.7;
				LD_RUNPATH_SEARCH_PATHS = (
					"$(inherited)",
					"@executable_path/Frameworks",
					"@loader_path/Frameworks",
				);
				PRODUCT_BUNDLE_IDENTIFIER = com.anawajha.SuperStoreTests;
				PRODUCT_NAME = "$(TARGET_NAME)";
				SWIFT_VERSION = 5.0;
				TARGETED_DEVICE_FAMILY = "1,2";
				TEST_HOST = "$(BUILT_PRODUCTS_DIR)/SuperStore.app/SuperStore";
			};
			name = Release;
		};
		79A74A8F27665A390071DBEC /* Debug */ = {
			isa = XCBuildConfiguration;
			buildSettings = {
				ALWAYS_EMBED_SWIFT_STANDARD_LIBRARIES = YES;
				CODE_SIGN_STYLE = Automatic;
				INFOPLIST_FILE = SuperStoreUITests/Info.plist;
				LD_RUNPATH_SEARCH_PATHS = (
					"$(inherited)",
					"@executable_path/Frameworks",
					"@loader_path/Frameworks",
				);
				PRODUCT_BUNDLE_IDENTIFIER = com.anawajha.SuperStoreUITests;
				PRODUCT_NAME = "$(TARGET_NAME)";
				SWIFT_VERSION = 5.0;
				TARGETED_DEVICE_FAMILY = "1,2";
				TEST_TARGET_NAME = SuperStore;
			};
			name = Debug;
		};
		79A74A9027665A390071DBEC /* Release */ = {
			isa = XCBuildConfiguration;
			buildSettings = {
				ALWAYS_EMBED_SWIFT_STANDARD_LIBRARIES = YES;
				CODE_SIGN_STYLE = Automatic;
				INFOPLIST_FILE = SuperStoreUITests/Info.plist;
				LD_RUNPATH_SEARCH_PATHS = (
					"$(inherited)",
					"@executable_path/Frameworks",
					"@loader_path/Frameworks",
				);
				PRODUCT_BUNDLE_IDENTIFIER = com.anawajha.SuperStoreUITests;
				PRODUCT_NAME = "$(TARGET_NAME)";
				SWIFT_VERSION = 5.0;
				TARGETED_DEVICE_FAMILY = "1,2";
				TEST_TARGET_NAME = SuperStore;
			};
			name = Release;
		};
/* End XCBuildConfiguration section */

/* Begin XCConfigurationList section */
		79A74A5927665A370071DBEC /* Build configuration list for PBXProject "SuperStore" */ = {
			isa = XCConfigurationList;
			buildConfigurations = (
				79A74A8627665A390071DBEC /* Debug */,
				79A74A8727665A390071DBEC /* Release */,
			);
			defaultConfigurationIsVisible = 0;
			defaultConfigurationName = Release;
		};
		79A74A8827665A390071DBEC /* Build configuration list for PBXNativeTarget "SuperStore" */ = {
			isa = XCConfigurationList;
			buildConfigurations = (
				79A74A8927665A390071DBEC /* Debug */,
				79A74A8A27665A390071DBEC /* Release */,
			);
			defaultConfigurationIsVisible = 0;
			defaultConfigurationName = Release;
		};
		79A74A8B27665A390071DBEC /* Build configuration list for PBXNativeTarget "SuperStoreTests" */ = {
			isa = XCConfigurationList;
			buildConfigurations = (
				79A74A8C27665A390071DBEC /* Debug */,
				79A74A8D27665A390071DBEC /* Release */,
			);
			defaultConfigurationIsVisible = 0;
			defaultConfigurationName = Release;
		};
		79A74A8E27665A390071DBEC /* Build configuration list for PBXNativeTarget "SuperStoreUITests" */ = {
			isa = XCConfigurationList;
			buildConfigurations = (
				79A74A8F27665A390071DBEC /* Debug */,
				79A74A9027665A390071DBEC /* Release */,
			);
			defaultConfigurationIsVisible = 0;
			defaultConfigurationName = Release;
		};
/* End XCConfigurationList section */
	};
	rootObject = 79A74A5627665A370071DBEC /* Project object */;
}
